
Microsoft Visual Studio Solution File, Format Version 12.00
# Visual Studio Version 17
VisualStudioVersion = 17.0.31903.59
MinimumVisualStudioVersion = 10.0.40219.1
Project("{2150E333-8FDC-42A3-9474-1A3956D46DE8}") = "src", "src", "{827E0CD3-B72D-47B6-A68D-7590B98EB39B}"
EndProject
Project("{FAE04EC0-301F-11D3-BF4B-00C04F79EFBC}") = "MHC.Invoicing.Domain", "src\MHC.Invoicing.Domain\MHC.Invoicing.Domain.csproj", "{9FA5B7FB-0D6F-4ED4-881B-A854FF47E700}"
EndProject
Project("{FAE04EC0-301F-11D3-BF4B-00C04F79EFBC}") = "MHC.Invoicing.Application", "src\MHC.Invoicing.Application\MHC.Invoicing.Application.csproj", "{163F88FA-7DF0-4F0F-8C00-26AA51E725DE}"
EndProject
Project("{FAE04EC0-301F-11D3-BF4B-00C04F79EFBC}") = "MHC.Invoicing.Infrastructure", "src\MHC.Invoicing.Infrastructure\MHC.Invoicing.Infrastructure.csproj", "{87168FDC-0788-4C87-B242-AB53B5028428}"
EndProject
Project("{2150E333-8FDC-42A3-9474-1A3956D46DE8}") = "tests", "tests", "{0AB3BF05-4346-4AA6-1389-037BE0695223}"
EndProject
Project("{FAE04EC0-301F-11D3-BF4B-00C04F79EFBC}") = "MHC.Invoicing.Domain.Tests", "tests\MHC.Invoicing.Domain.Tests\MHC.Invoicing.Domain.Tests.csproj", "{E774A219-C365-45A8-BD5C-2F8C59522DCD}"
EndProject
Project("{FAE04EC0-301F-11D3-BF4B-00C04F79EFBC}") = "MHC.Invoicing.Application.Tests", "tests\MHC.Invoicing.Application.Tests\MHC.Invoicing.Application.Tests.csproj", "{F402E0DE-D0D6-425E-88EB-F2B1FFC66221}"
EndProject
Project("{FAE04EC0-301F-11D3-BF4B-00C04F79EFBC}") = "MHC.Invoicing.Infrastructure.Tests", "tests\MHC.Invoicing.Infrastructure.Tests\MHC.Invoicing.Infrastructure.Tests.csproj", "{E61A50F5-E634-426B-B6B3-A025E682A940}"
EndProject
Project("{FAE04EC0-301F-11D3-BF4B-00C04F79EFBC}") = "MHC.Invoicing.Ui.Tests", "tests\MHC.Invoicing.Ui.Tests\MHC.Invoicing.Ui.Tests.csproj", "{A91C9823-2A05-4EC1-B203-48723C227E62}"
EndProject
Project("{FAE04EC0-301F-11D3-BF4B-00C04F79EFBC}") = "MHC.Invoicing.App", "src\MHC.Invoicing.App\MHC.Invoicing.App.csproj", "{19732EDC-37DB-4FC1-8110-ABC860AE76F2}"
EndProject
Global
	GlobalSection(SolutionConfigurationPlatforms) = preSolution
		Debug|Any CPU = Debug|Any CPU
		Debug|x64 = Debug|x64
		Debug|x86 = Debug|x86
		Release|Any CPU = Release|Any CPU
		Release|x64 = Release|x64
		Release|x86 = Release|x86
	EndGlobalSection
	GlobalSection(ProjectConfigurationPlatforms) = postSolution
		{9FA5B7FB-0D6F-4ED4-881B-A854FF47E700}.Debug|Any CPU.ActiveCfg = Debug|Any CPU
		{9FA5B7FB-0D6F-4ED4-881B-A854FF47E700}.Debug|Any CPU.Build.0 = Debug|Any CPU
		{9FA5B7FB-0D6F-4ED4-881B-A854FF47E700}.Debug|x64.ActiveCfg = Debug|Any CPU
		{9FA5B7FB-0D6F-4ED4-881B-A854FF47E700}.Debug|x64.Build.0 = Debug|Any CPU
		{9FA5B7FB-0D6F-4ED4-881B-A854FF47E700}.Debug|x86.ActiveCfg = Debug|Any CPU
		{9FA5B7FB-0D6F-4ED4-881B-A854FF47E700}.Debug|x86.Build.0 = Debug|Any CPU
		{9FA5B7FB-0D6F-4ED4-881B-A854FF47E700}.Release|Any CPU.ActiveCfg = Release|Any CPU
		{9FA5B7FB-0D6F-4ED4-881B-A854FF47E700}.Release|Any CPU.Build.0 = Release|Any CPU
		{9FA5B7FB-0D6F-4ED4-881B-A854FF47E700}.Release|x64.ActiveCfg = Release|Any CPU
		{9FA5B7FB-0D6F-4ED4-881B-A854FF47E700}.Release|x64.Build.0 = Release|Any CPU
		{9FA5B7FB-0D6F-4ED4-881B-A854FF47E700}.Release|x86.ActiveCfg = Release|Any CPU
		{9FA5B7FB-0D6F-4ED4-881B-A854FF47E700}.Release|x86.Build.0 = Release|Any CPU
		{163F88FA-7DF0-4F0F-8C00-26AA51E725DE}.Debug|Any CPU.ActiveCfg = Debug|Any CPU
		{163F88FA-7DF0-4F0F-8C00-26AA51E725DE}.Debug|Any CPU.Build.0 = Debug|Any CPU
		{163F88FA-7DF0-4F0F-8C00-26AA51E725DE}.Debug|x64.ActiveCfg = Debug|Any CPU
		{163F88FA-7DF0-4F0F-8C00-26AA51E725DE}.Debug|x64.Build.0 = Debug|Any CPU
		{163F88FA-7DF0-4F0F-8C00-26AA51E725DE}.Debug|x86.ActiveCfg = Debug|Any CPU
		{163F88FA-7DF0-4F0F-8C00-26AA51E725DE}.Debug|x86.Build.0 = Debug|Any CPU
		{163F88FA-7DF0-4F0F-8C00-26AA51E725DE}.Release|Any CPU.ActiveCfg = Release|Any CPU
		{163F88FA-7DF0-4F0F-8C00-26AA51E725DE}.Release|Any CPU.Build.0 = Release|Any CPU
		{163F88FA-7DF0-4F0F-8C00-26AA51E725DE}.Release|x64.ActiveCfg = Release|Any CPU
		{163F88FA-7DF0-4F0F-8C00-26AA51E725DE}.Release|x64.Build.0 = Release|Any CPU
		{163F88FA-7DF0-4F0F-8C00-26AA51E725DE}.Release|x86.ActiveCfg = Release|Any CPU
		{163F88FA-7DF0-4F0F-8C00-26AA51E725DE}.Release|x86.Build.0 = Release|Any CPU
		{87168FDC-0788-4C87-B242-AB53B5028428}.Debug|Any CPU.ActiveCfg = Debug|Any CPU
		{87168FDC-0788-4C87-B242-AB53B5028428}.Debug|Any CPU.Build.0 = Debug|Any CPU
		{87168FDC-0788-4C87-B242-AB53B5028428}.Debug|x64.ActiveCfg = Debug|Any CPU
		{87168FDC-0788-4C87-B242-AB53B5028428}.Debug|x64.Build.0 = Debug|Any CPU
		{87168FDC-0788-4C87-B242-AB53B5028428}.Debug|x86.ActiveCfg = Debug|Any CPU
		{87168FDC-0788-4C87-B242-AB53B5028428}.Debug|x86.Build.0 = Debug|Any CPU
		{87168FDC-0788-4C87-B242-AB53B5028428}.Release|Any CPU.ActiveCfg = Release|Any CPU
		{87168FDC-0788-4C87-B242-AB53B5028428}.Release|Any CPU.Build.0 = Release|Any CPU
		{87168FDC-0788-4C87-B242-AB53B5028428}.Release|x64.ActiveCfg = Release|Any CPU
		{87168FDC-0788-4C87-B242-AB53B5028428}.Release|x64.Build.0 = Release|Any CPU
		{87168FDC-0788-4C87-B242-AB53B5028428}.Release|x86.ActiveCfg = Release|Any CPU
		{87168FDC-0788-4C87-B242-AB53B5028428}.Release|x86.Build.0 = Release|Any CPU
		{E774A219-C365-45A8-BD5C-2F8C59522DCD}.Debug|Any CPU.ActiveCfg = Debug|Any CPU
		{E774A219-C365-45A8-BD5C-2F8C59522DCD}.Debug|Any CPU.Build.0 = Debug|Any CPU
		{E774A219-C365-45A8-BD5C-2F8C59522DCD}.Debug|x64.ActiveCfg = Debug|Any CPU
		{E774A219-C365-45A8-BD5C-2F8C59522DCD}.Debug|x64.Build.0 = Debug|Any CPU
		{E774A219-C365-45A8-BD5C-2F8C59522DCD}.Debug|x86.ActiveCfg = Debug|Any CPU
		{E774A219-C365-45A8-BD5C-2F8C59522DCD}.Debug|x86.Build.0 = Debug|Any CPU
		{E774A219-C365-45A8-BD5C-2F8C59522DCD}.Release|Any CPU.ActiveCfg = Release|Any CPU
		{E774A219-C365-45A8-BD5C-2F8C59522DCD}.Release|Any CPU.Build.0 = Release|Any CPU
		{E774A219-C365-45A8-BD5C-2F8C59522DCD}.Release|x64.ActiveCfg = Release|Any CPU
		{E774A219-C365-45A8-BD5C-2F8C59522DCD}.Release|x64.Build.0 = Release|Any CPU
		{E774A219-C365-45A8-BD5C-2F8C59522DCD}.Release|x86.ActiveCfg = Release|Any CPU
		{E774A219-C365-45A8-BD5C-2F8C59522DCD}.Release|x86.Build.0 = Release|Any CPU
		{F402E0DE-D0D6-425E-88EB-F2B1FFC66221}.Debug|Any CPU.ActiveCfg = Debug|Any CPU
		{F402E0DE-D0D6-425E-88EB-F2B1FFC66221}.Debug|Any CPU.Build.0 = Debug|Any CPU
		{F402E0DE-D0D6-425E-88EB-F2B1FFC66221}.Debug|x64.ActiveCfg = Debug|Any CPU
		{F402E0DE-D0D6-425E-88EB-F2B1FFC66221}.Debug|x64.Build.0 = Debug|Any CPU
		{F402E0DE-D0D6-425E-88EB-F2B1FFC66221}.Debug|x86.ActiveCfg = Debug|Any CPU
		{F402E0DE-D0D6-425E-88EB-F2B1FFC66221}.Debug|x86.Build.0 = Debug|Any CPU
		{F402E0DE-D0D6-425E-88EB-F2B1FFC66221}.Release|Any CPU.ActiveCfg = Release|Any CPU
		{F402E0DE-D0D6-425E-88EB-F2B1FFC66221}.Release|Any CPU.Build.0 = Release|Any CPU
		{F402E0DE-D0D6-425E-88EB-F2B1FFC66221}.Release|x64.ActiveCfg = Release|Any CPU
		{F402E0DE-D0D6-425E-88EB-F2B1FFC66221}.Release|x64.Build.0 = Release|Any CPU
		{F402E0DE-D0D6-425E-88EB-F2B1FFC66221}.Release|x86.ActiveCfg = Release|Any CPU
		{F402E0DE-D0D6-425E-88EB-F2B1FFC66221}.Release|x86.Build.0 = Release|Any CPU
		{E61A50F5-E634-426B-B6B3-A025E682A940}.Debug|Any CPU.ActiveCfg = Debug|Any CPU
		{E61A50F5-E634-426B-B6B3-A025E682A940}.Debug|Any CPU.Build.0 = Debug|Any CPU
		{E61A50F5-E634-426B-B6B3-A025E682A940}.Debug|x64.ActiveCfg = Debug|Any CPU
		{E61A50F5-E634-426B-B6B3-A025E682A940}.Debug|x64.Build.0 = Debug|Any CPU
		{E61A50F5-E634-426B-B6B3-A025E682A940}.Debug|x86.ActiveCfg = Debug|Any CPU
		{E61A50F5-E634-426B-B6B3-A025E682A940}.Debug|x86.Build.0 = Debug|Any CPU
		{E61A50F5-E634-426B-B6B3-A025E682A940}.Release|Any CPU.ActiveCfg = Release|Any CPU
		{E61A50F5-E634-426B-B6B3-A025E682A940}.Release|Any CPU.Build.0 = Release|Any CPU
		{E61A50F5-E634-426B-B6B3-A025E682A940}.Release|x64.ActiveCfg = Release|Any CPU
		{E61A50F5-E634-426B-B6B3-A025E682A940}.Release|x64.Build.0 = Release|Any CPU
		{E61A50F5-E634-426B-B6B3-A025E682A940}.Release|x86.ActiveCfg = Release|Any CPU
		{E61A50F5-E634-426B-B6B3-A025E682A940}.Release|x86.Build.0 = Release|Any CPU
		{A91C9823-2A05-4EC1-B203-48723C227E62}.Debug|Any CPU.ActiveCfg = Debug|Any CPU
		{A91C9823-2A05-4EC1-B203-48723C227E62}.Debug|Any CPU.Build.0 = Debug|Any CPU
		{A91C9823-2A05-4EC1-B203-48723C227E62}.Debug|x64.ActiveCfg = Debug|Any CPU
		{A91C9823-2A05-4EC1-B203-48723C227E62}.Debug|x64.Build.0 = Debug|Any CPU
		{A91C9823-2A05-4EC1-B203-48723C227E62}.Debug|x86.ActiveCfg = Debug|Any CPU
		{A91C9823-2A05-4EC1-B203-48723C227E62}.Debug|x86.Build.0 = Debug|Any CPU
		{A91C9823-2A05-4EC1-B203-48723C227E62}.Release|Any CPU.ActiveCfg = Release|Any CPU
		{A91C9823-2A05-4EC1-B203-48723C227E62}.Release|Any CPU.Build.0 = Release|Any CPU
		{A91C9823-2A05-4EC1-B203-48723C227E62}.Release|x64.ActiveCfg = Release|Any CPU
		{A91C9823-2A05-4EC1-B203-48723C227E62}.Release|x64.Build.0 = Release|Any CPU
		{A91C9823-2A05-4EC1-B203-48723C227E62}.Release|x86.ActiveCfg = Release|Any CPU
		{A91C9823-2A05-4EC1-B203-48723C227E62}.Release|x86.Build.0 = Release|Any CPU
		{19732EDC-37DB-4FC1-8110-ABC860AE76F2}.Debug|Any CPU.ActiveCfg = Debug|x64
		{19732EDC-37DB-4FC1-8110-ABC860AE76F2}.Debug|Any CPU.Build.0 = Debug|x64
		{19732EDC-37DB-4FC1-8110-ABC860AE76F2}.Debug|x64.ActiveCfg = Debug|x64
		{19732EDC-37DB-4FC1-8110-ABC860AE76F2}.Debug|x64.Build.0 = Debug|x64
		{19732EDC-37DB-4FC1-8110-ABC860AE76F2}.Debug|x86.ActiveCfg = Debug|x64
		{19732EDC-37DB-4FC1-8110-ABC860AE76F2}.Debug|x86.Build.0 = Debug|x64
		{19732EDC-37DB-4FC1-8110-ABC860AE76F2}.Release|Any CPU.ActiveCfg = Release|x64
		{19732EDC-37DB-4FC1-8110-ABC860AE76F2}.Release|Any CPU.Build.0 = Release|x64
		{19732EDC-37DB-4FC1-8110-ABC860AE76F2}.Release|x64.ActiveCfg = Release|x64
		{19732EDC-37DB-4FC1-8110-ABC860AE76F2}.Release|x64.Build.0 = Release|x64
		{19732EDC-37DB-4FC1-8110-ABC860AE76F2}.Release|x86.ActiveCfg = Release|x64
		{19732EDC-37DB-4FC1-8110-ABC860AE76F2}.Release|x86.Build.0 = Release|x64
	EndGlobalSection
	GlobalSection(SolutionProperties) = preSolution
		HideSolutionNode = FALSE
	EndGlobalSection
	GlobalSection(NestedProjects) = preSolution
		{9FA5B7FB-0D6F-4ED4-881B-A854FF47E700} = {827E0CD3-B72D-47B6-A68D-7590B98EB39B}
		{163F88FA-7DF0-4F0F-8C00-26AA51E725DE} = {827E0CD3-B72D-47B6-A68D-7590B98EB39B}
		{87168FDC-0788-4C87-B242-AB53B5028428} = {827E0CD3-B72D-47B6-A68D-7590B98EB39B}
		{E774A219-C365-45A8-BD5C-2F8C59522DCD} = {0AB3BF05-4346-4AA6-1389-037BE0695223}
		{F402E0DE-D0D6-425E-88EB-F2B1FFC66221} = {0AB3BF05-4346-4AA6-1389-037BE0695223}
		{E61A50F5-E634-426B-B6B3-A025E682A940} = {0AB3BF05-4346-4AA6-1389-037BE0695223}
		{A91C9823-2A05-4EC1-B203-48723C227E62} = {0AB3BF05-4346-4AA6-1389-037BE0695223}
		{19732EDC-37DB-4FC1-8110-ABC860AE76F2} = {827E0CD3-B72D-47B6-A68D-7590B98EB39B}
	EndGlobalSection
EndGlobal
